// !$*UTF8*$!
{
	archiveVersion = 1;
	classes = {
	};
	objectVersion = 77;
	objects = {

/* Begin PBXBuildFile section */
		9F2C0C572E21A0F100034BE5 /* MapLibre in Frameworks */ = {isa = PBXBuildFile; productRef = 9F2C0C562E21A0F100034BE5 /* MapLibre */; };
/* End PBXBuildFile section */

/* Begin PBXContainerItemProxy section */
		9F2C0C382E21A05400034BE5 /* PBXContainerItemProxy */ = {
			isa = PBXContainerItemProxy;
			containerPortal = 9F2C0C192E21A05200034BE5 /* Project object */;
			proxyType = 1;
			remoteGlobalIDString = 9F2C0C202E21A05200034BE5;
			remoteInfo = MaplibreNativeIosUIKit;
		};
		9F2C0C422E21A05400034BE5 /* PBXContainerItemProxy */ = {
			isa = PBXContainerItemProxy;
			containerPortal = 9F2C0C192E21A05200034BE5 /* Project object */;
			proxyType = 1;
			remoteGlobalIDString = 9F2C0C202E21A05200034BE5;
			remoteInfo = MaplibreNativeIosUIKit;
		};
/* End PBXContainerItemProxy section */

/* Begin PBXFileReference section */
		9F2C0C212E21A05200034BE5 /* MaplibreNativeIosUIKit.app */ = {isa = PBXFileReference; explicitFileType = wrapper.application; includeInIndex = 0; path = MaplibreNativeIosUIKit.app; sourceTree = BUILT_PRODUCTS_DIR; };
		9F2C0C372E21A05400034BE5 /* MaplibreNativeIosUIKitTests.xctest */ = {isa = PBXFileReference; explicitFileType = wrapper.cfbundle; includeInIndex = 0; path = MaplibreNativeIosUIKitTests.xctest; sourceTree = BUILT_PRODUCTS_DIR; };
		9F2C0C412E21A05400034BE5 /* MaplibreNativeIosUIKitUITests.xctest */ = {isa = PBXFileReference; explicitFileType = wrapper.cfbundle; includeInIndex = 0; path = MaplibreNativeIosUIKitUITests.xctest; sourceTree = BUILT_PRODUCTS_DIR; };
/* End PBXFileReference section */

/* Begin PBXFileSystemSynchronizedBuildFileExceptionSet section */
		9F2C0C492E21A05400034BE5 /* Exceptions for "MaplibreNativeIosUIKit" folder in "MaplibreNativeIosUIKit" target */ = {
			isa = PBXFileSystemSynchronizedBuildFileExceptionSet;
			membershipExceptions = (
				Info.plist,
			);
			target = 9F2C0C202E21A05200034BE5 /* MaplibreNativeIosUIKit */;
		};
/* End PBXFileSystemSynchronizedBuildFileExceptionSet section */

/* Begin PBXFileSystemSynchronizedRootGroup section */
		9F2C0C232E21A05200034BE5 /* MaplibreNativeIosUIKit */ = {
			isa = PBXFileSystemSynchronizedRootGroup;
			exceptions = (
				9F2C0C492E21A05400034BE5 /* Exceptions for "MaplibreNativeIosUIKit" folder in "MaplibreNativeIosUIKit" target */,
			);
			path = MaplibreNativeIosUIKit;
			sourceTree = "<group>";
		};
		9F2C0C3A2E21A05400034BE5 /* MaplibreNativeIosUIKitTests */ = {
			isa = PBXFileSystemSynchronizedRootGroup;
			path = MaplibreNativeIosUIKitTests;
			sourceTree = "<group>";
		};
		9F2C0C442E21A05400034BE5 /* MaplibreNativeIosUIKitUITests */ = {
			isa = PBXFileSystemSynchronizedRootGroup;
			path = MaplibreNativeIosUIKitUITests;
			sourceTree = "<group>";
		};
/* End PBXFileSystemSynchronizedRootGroup section */

/* Begin PBXFrameworksBuildPhase section */
		9F2C0C1E2E21A05200034BE5 /* Frameworks */ = {
			isa = PBXFrameworksBuildPhase;
			buildActionMask = 2147483647;
			files = (
				9F2C0C572E21A0F100034BE5 /* MapLibre in Frameworks */,
			);
			runOnlyForDeploymentPostprocessing = 0;
		};
		9F2C0C342E21A05400034BE5 /* Frameworks */ = {
			isa = PBXFrameworksBuildPhase;
			buildActionMask = 2147483647;
			files = (
			);
			runOnlyForDeploymentPostprocessing = 0;
		};
		9F2C0C3E2E21A05400034BE5 /* Frameworks */ = {
			isa = PBXFrameworksBuildPhase;
			buildActionMask = 2147483647;
			files = (
			);
			runOnlyForDeploymentPostprocessing = 0;
		};
/* End PBXFrameworksBuildPhase section */

/* Begin PBXGroup section */
		9F2C0C182E21A05200034BE5 = {
			isa = PBXGroup;
			children = (
				9F2C0C232E21A05200034BE5 /* MaplibreNativeIosUIKit */,
				9F2C0C3A2E21A05400034BE5 /* MaplibreNativeIosUIKitTests */,
				9F2C0C442E21A05400034BE5 /* MaplibreNativeIosUIKitUITests */,
				9F2C0C222E21A05200034BE5 /* Products */,
			);
			sourceTree = "<group>";
		};
		9F2C0C222E21A05200034BE5 /* Products */ = {
			isa = PBXGroup;
			children = (
				9F2C0C212E21A05200034BE5 /* MaplibreNativeIosUIKit.app */,
				9F2C0C372E21A05400034BE5 /* MaplibreNativeIosUIKitTests.xctest */,
				9F2C0C412E21A05400034BE5 /* MaplibreNativeIosUIKitUITests.xctest */,
			);
			name = Products;
			sourceTree = "<group>";
		};
/* End PBXGroup section */

/* Begin PBXNativeTarget section */
		9F2C0C202E21A05200034BE5 /* MaplibreNativeIosUIKit */ = {
			isa = PBXNativeTarget;
			buildConfigurationList = 9F2C0C4A2E21A05400034BE5 /* Build configuration list for PBXNativeTarget "MaplibreNativeIosUIKit" */;
			buildPhases = (
				9F2C0C1D2E21A05200034BE5 /* Sources */,
				9F2C0C1E2E21A05200034BE5 /* Frameworks */,
				9F2C0C1F2E21A05200034BE5 /* Resources */,
			);
			buildRules = (
			);
			dependencies = (
			);
			fileSystemSynchronizedGroups = (
				9F2C0C232E21A05200034BE5 /* MaplibreNativeIosUIKit */,
			);
			name = MaplibreNativeIosUIKit;
			packageProductDependencies = (
				9F2C0C562E21A0F100034BE5 /* MapLibre */,
			);
			productName = MaplibreNativeIosUIKit;
			productReference = 9F2C0C212E21A05200034BE5 /* MaplibreNativeIosUIKit.app */;
			productType = "com.apple.product-type.application";
		};
		9F2C0C362E21A05400034BE5 /* MaplibreNativeIosUIKitTests */ = {
			isa = PBXNativeTarget;
			buildConfigurationList = 9F2C0C4F2E21A05400034BE5 /* Build configuration list for PBXNativeTarget "MaplibreNativeIosUIKitTests" */;
			buildPhases = (
				9F2C0C332E21A05400034BE5 /* Sources */,
				9F2C0C342E21A05400034BE5 /* Frameworks */,
				9F2C0C352E21A05400034BE5 /* Resources */,
			);
			buildRules = (
			);
			dependencies = (
				9F2C0C392E21A05400034BE5 /* PBXTargetDependency */,
			);
			fileSystemSynchronizedGroups = (
				9F2C0C3A2E21A05400034BE5 /* MaplibreNativeIosUIKitTests */,
			);
			name = MaplibreNativeIosUIKitTests;
			packageProductDependencies = (
			);
			productName = MaplibreNativeIosUIKitTests;
			productReference = 9F2C0C372E21A05400034BE5 /* MaplibreNativeIosUIKitTests.xctest */;
			productType = "com.apple.product-type.bundle.unit-test";
		};
		9F2C0C402E21A05400034BE5 /* MaplibreNativeIosUIKitUITests */ = {
			isa = PBXNativeTarget;
			buildConfigurationList = 9F2C0C522E21A05400034BE5 /* Build configuration list for PBXNativeTarget "MaplibreNativeIosUIKitUITests" */;
			buildPhases = (
				9F2C0C3D2E21A05400034BE5 /* Sources */,
				9F2C0C3E2E21A05400034BE5 /* Frameworks */,
				9F2C0C3F2E21A05400034BE5 /* Resources */,
			);
			buildRules = (
			);
			dependencies = (
				9F2C0C432E21A05400034BE5 /* PBXTargetDependency */,
			);
			fileSystemSynchronizedGroups = (
				9F2C0C442E21A05400034BE5 /* MaplibreNativeIosUIKitUITests */,
			);
			name = MaplibreNativeIosUIKitUITests;
			packageProductDependencies = (
			);
			productName = MaplibreNativeIosUIKitUITests;
			productReference = 9F2C0C412E21A05400034BE5 /* MaplibreNativeIosUIKitUITests.xctest */;
			productType = "com.apple.product-type.bundle.ui-testing";
		};
/* End PBXNativeTarget section */

/* Begin PBXProject section */
		9F2C0C192E21A05200034BE5 /* Project object */ = {
			isa = PBXProject;
			attributes = {
				BuildIndependentTargetsInParallel = 1;
				LastSwiftUpdateCheck = 1620;
				LastUpgradeCheck = 1620;
				TargetAttributes = {
					9F2C0C202E21A05200034BE5 = {
						CreatedOnToolsVersion = 16.2;
					};
					9F2C0C362E21A05400034BE5 = {
						CreatedOnToolsVersion = 16.2;
						TestTargetID = 9F2C0C202E21A05200034BE5;
					};
					9F2C0C402E21A05400034BE5 = {
						CreatedOnToolsVersion = 16.2;
						TestTargetID = 9F2C0C202E21A05200034BE5;
					};
				};
			};
			buildConfigurationList = 9F2C0C1C2E21A05200034BE5 /* Build configuration list for PBXProject "MaplibreNativeIosUIKit" */;
			developmentRegion = en;
			hasScannedForEncodings = 0;
			knownRegions = (
				en,
				Base,
			);
			mainGroup = 9F2C0C182E21A05200034BE5;
			minimizedProjectReferenceProxies = 1;
			packageReferences = (
				9F2C0C552E21A0F100034BE5 /* XCRemoteSwiftPackageReference "maplibre-gl-native-distribution" */,
			);
			preferredProjectObjectVersion = 77;
			productRefGroup = 9F2C0C222E21A05200034BE5 /* Products */;
			projectDirPath = "";
			projectRoot = "";
			targets = (
				9F2C0C202E21A05200034BE5 /* MaplibreNativeIosUIKit */,
				9F2C0C362E21A05400034BE5 /* MaplibreNativeIosUIKitTests */,
				9F2C0C402E21A05400034BE5 /* MaplibreNativeIosUIKitUITests */,
			);
		};
/* End PBXProject section */

/* Begin PBXResourcesBuildPhase section */
		9F2C0C1F2E21A05200034BE5 /* Resources */ = {
			isa = PBXResourcesBuildPhase;
			buildActionMask = 2147483647;
			files = (
			);
			runOnlyForDeploymentPostprocessing = 0;
		};
		9F2C0C352E21A05400034BE5 /* Resources */ = {
			isa = PBXResourcesBuildPhase;
			buildActionMask = 2147483647;
			files = (
			);
			runOnlyForDeploymentPostprocessing = 0;
		};
		9F2C0C3F2E21A05400034BE5 /* Resources */ = {
			isa = PBXResourcesBuildPhase;
			buildActionMask = 2147483647;
			files = (
			);
			runOnlyForDeploymentPostprocessing = 0;
		};
/* End PBXResourcesBuildPhase section */

/* Begin PBXSourcesBuildPhase section */
		9F2C0C1D2E21A05200034BE5 /* Sources */ = {
			isa = PBXSourcesBuildPhase;
			buildActionMask = 2147483647;
			files = (
			);
			runOnlyForDeploymentPostprocessing = 0;
		};
		9F2C0C332E21A05400034BE5 /* Sources */ = {
			isa = PBXSourcesBuildPhase;
			buildActionMask = 2147483647;
			files = (
			);
			runOnlyForDeploymentPostprocessing = 0;
		};
		9F2C0C3D2E21A05400034BE5 /* Sources */ = {
			isa = PBXSourcesBuildPhase;
			buildActionMask = 2147483647;
			files = (
			);
			runOnlyForDeploymentPostprocessing = 0;
		};
/* End PBXSourcesBuildPhase section */

/* Begin PBXTargetDependency section */
		9F2C0C392E21A05400034BE5 /* PBXTargetDependency */ = {
			isa = PBXTargetDependency;
			target = 9F2C0C202E21A05200034BE5 /* MaplibreNativeIosUIKit */;
			targetProxy = 9F2C0C382E21A05400034BE5 /* PBXContainerItemProxy */;
		};
		9F2C0C432E21A05400034BE5 /* PBXTargetDependency */ = {
			isa = PBXTargetDependency;
			target = 9F2C0C202E21A05200034BE5 /* MaplibreNativeIosUIKit */;
			targetProxy = 9F2C0C422E21A05400034BE5 /* PBXContainerItemProxy */;
		};
/* End PBXTargetDependency section */

/* Begin XCBuildConfiguration section */
		9F2C0C4B2E21A05400034BE5 /* Debug */ = {
			isa = XCBuildConfiguration;
			buildSettings = {
				ASSETCATALOG_COMPILER_APPICON_NAME = AppIcon;
				ASSETCATALOG_COMPILER_GLOBAL_ACCENT_COLOR_NAME = AccentColor;
				CODE_SIGN_STYLE = Automatic;
				CURRENT_PROJECT_VERSION = 1;
				DEVELOPMENT_TEAM = 9PKJR9VN3M;
				GENERATE_INFOPLIST_FILE = YES;
				INFOPLIST_FILE = MaplibreNativeIosUIKit/Info.plist;
				INFOPLIST_KEY_UIApplicationSupportsIndirectInputEvents = YES;
				INFOPLIST_KEY_UILaunchStoryboardName = LaunchScreen;
				INFOPLIST_KEY_UIMainStoryboardFile = Main;
				INFOPLIST_KEY_UISupportedInterfaceOrientations_iPad = "UIInterfaceOrientationPortrait UIInterfaceOrientationPortraitUpsideDown UIInterfaceOrientationLandscapeLeft UIInterfaceOrientationLandscapeRight";
				INFOPLIST_KEY_UISupportedInterfaceOrientations_iPhone = "UIInterfaceOrientationPortrait UIInterfaceOrientationLandscapeLeft UIInterfaceOrientationLandscapeRight";
				LD_RUNPATH_SEARCH_PATHS = (
					"$(inherited)",
					"@executable_path/Frameworks",
				);
				MARKETING_VERSION = 1.0;
				PRODUCT_BUNDLE_IDENTIFIER = com.mapriot.MaplibreNativeIosUIKit;
				PRODUCT_NAME = "$(TARGET_NAME)";
				SWIFT_EMIT_LOC_STRINGS = YES;
				SWIFT_VERSION = 5.0;
				TARGETED_DEVICE_FAMILY = "1,2";
			};
			name = Debug;
		};
		9F2C0C4C2E21A05400034BE5 /* Release */ = {
			isa = XCBuildConfiguration;
			buildSettings = {
				ASSETCATALOG_COMPILER_APPICON_NAME = AppIcon;
				ASSETCATALOG_COMPILER_GLOBAL_ACCENT_COLOR_NAME = AccentColor;
				CODE_SIGN_STYLE = Automatic;
				CURRENT_PROJECT_VERSION = 1;
				DEVELOPMENT_TEAM = 9PKJR9VN3M;
				GENERATE_INFOPLIST_FILE = YES;
				INFOPLIST_FILE = MaplibreNativeIosUIKit/Info.plist;
				INFOPLIST_KEY_UIApplicationSupportsIndirectInputEvents = YES;
				INFOPLIST_KEY_UILaunchStoryboardName = LaunchScreen;
				INFOPLIST_KEY_UIMainStoryboardFile = Main;
				INFOPLIST_KEY_UISupportedInterfaceOrientations_iPad = "UIInterfaceOrientationPortrait UIInterfaceOrientationPortraitUpsideDown UIInterfaceOrientationLandscapeLeft UIInterfaceOrientationLandscapeRight";
				INFOPLIST_KEY_UISupportedInterfaceOrientations_iPhone = "UIInterfaceOrientationPortrait UIInterfaceOrientationLandscapeLeft UIInterfaceOrientationLandscapeRight";
				LD_RUNPATH_SEARCH_PATHS = (
					"$(inherited)",
					"@executable_path/Frameworks",
				);
				MARKETING_VERSION = 1.0;
				PRODUCT_BUNDLE_IDENTIFIER = com.mapriot.MaplibreNativeIosUIKit;
				PRODUCT_NAME = "$(TARGET_NAME)";
				SWIFT_EMIT_LOC_STRINGS = YES;
				SWIFT_VERSION = 5.0;
				TARGETED_DEVICE_FAMILY = "1,2";
			};
			name = Release;
		};
		9F2C0C4D2E21A05400034BE5 /* Debug */ = {
			isa = XCBuildConfiguration;
			buildSettings = {
				ALWAYS_SEARCH_USER_PATHS = NO;
				ASSETCATALOG_COMPILER_GENERATE_SWIFT_ASSET_SYMBOL_EXTENSIONS = YES;
				CLANG_ANALYZER_NONNULL = YES;
				CLANG_ANALYZER_NUMBER_OBJECT_CONVERSION = YES_AGGRESSIVE;
				CLANG_CXX_LANGUAGE_STANDARD = "gnu++20";
				CLANG_ENABLE_MODULES = YES;
				CLANG_ENABLE_OBJC_ARC = YES;
				CLANG_ENABLE_OBJC_WEAK = YES;
				CLANG_WARN_BLOCK_CAPTURE_AUTORELEASING = YES;
				CLANG_WARN_BOOL_CONVERSION = YES;
				CLANG_WARN_COMMA = YES;
				CLANG_WARN_CONSTANT_CONVERSION = YES;
				CLANG_WARN_DEPRECATED_OBJC_IMPLEMENTATIONS = YES;
				CLANG_WARN_DIRECT_OBJC_ISA_USAGE = YES_ERROR;
				CLANG_WARN_DOCUMENTATION_COMMENTS = YES;
				CLANG_WARN_EMPTY_BODY = YES;
				CLANG_WARN_ENUM_CONVERSION = YES;
				CLANG_WARN_INFINITE_RECURSION = YES;
				CLANG_WARN_INT_CONVERSION = YES;
				CLANG_WARN_NON_LITERAL_NULL_CONVERSION = YES;
				CLANG_WARN_OBJC_IMPLICIT_RETAIN_SELF = YES;
				CLANG_WARN_OBJC_LITERAL_CONVERSION = YES;
				CLANG_WARN_OBJC_ROOT_CLASS = YES_ERROR;
				CLANG_WARN_QUOTED_INCLUDE_IN_FRAMEWORK_HEADER = YES;
				CLANG_WARN_RANGE_LOOP_ANALYSIS = YES;
				CLANG_WARN_STRICT_PROTOTYPES = YES;
				CLANG_WARN_SUSPICIOUS_MOVE = YES;
				CLANG_WARN_UNGUARDED_AVAILABILITY = YES_AGGRESSIVE;
				CLANG_WARN_UNREACHABLE_CODE = YES;
				CLANG_WARN__DUPLICATE_METHOD_MATCH = YES;
				COPY_PHASE_STRIP = NO;
				DEBUG_INFORMATION_FORMAT = dwarf;
				ENABLE_STRICT_OBJC_MSGSEND = YES;
				ENABLE_TESTABILITY = YES;
				ENABLE_USER_SCRIPT_SANDBOXING = YES;
				GCC_C_LANGUAGE_STANDARD = gnu17;
				GCC_DYNAMIC_NO_PIC = NO;
				GCC_NO_COMMON_BLOCKS = YES;
				GCC_OPTIMIZATION_LEVEL = 0;
				GCC_PREPROCESSOR_DEFINITIONS = (
					"DEBUG=1",
					"$(inherited)",
				);
				GCC_WARN_64_TO_32_BIT_CONVERSION = YES;
				GCC_WARN_ABOUT_RETURN_TYPE = YES_ERROR;
				GCC_WARN_UNDECLARED_SELECTOR = YES;
				GCC_WARN_UNINITIALIZED_AUTOS = YES_AGGRESSIVE;
				GCC_WARN_UNUSED_FUNCTION = YES;
				GCC_WARN_UNUSED_VARIABLE = YES;
				IPHONEOS_DEPLOYMENT_TARGET = 18.2;
				LOCALIZATION_PREFERS_STRING_CATALOGS = YES;
				MTL_ENABLE_DEBUG_INFO = INCLUDE_SOURCE;
				MTL_FAST_MATH = YES;
				ONLY_ACTIVE_ARCH = YES;
				SDKROOT = iphoneos;
				SWIFT_ACTIVE_COMPILATION_CONDITIONS = "DEBUG $(inherited)";
				SWIFT_OPTIMIZATION_LEVEL = "-Onone";
			};
			name = Debug;
		};
		9F2C0C4E2E21A05400034BE5 /* Release */ = {
			isa = XCBuildConfiguration;
			buildSettings = {
				ALWAYS_SEARCH_USER_PATHS = NO;
				ASSETCATALOG_COMPILER_GENERATE_SWIFT_ASSET_SYMBOL_EXTENSIONS = YES;
				CLANG_ANALYZER_NONNULL = YES;
				CLANG_ANALYZER_NUMBER_OBJECT_CONVERSION = YES_AGGRESSIVE;
				CLANG_CXX_LANGUAGE_STANDARD = "gnu++20";
				CLANG_ENABLE_MODULES = YES;
				CLANG_ENABLE_OBJC_ARC = YES;
				CLANG_ENABLE_OBJC_WEAK = YES;
				CLANG_WARN_BLOCK_CAPTURE_AUTORELEASING = YES;
				CLANG_WARN_BOOL_CONVERSION = YES;
				CLANG_WARN_COMMA = YES;
				CLANG_WARN_CONSTANT_CONVERSION = YES;
				CLANG_WARN_DEPRECATED_OBJC_IMPLEMENTATIONS = YES;
				CLANG_WARN_DIRECT_OBJC_ISA_USAGE = YES_ERROR;
				CLANG_WARN_DOCUMENTATION_COMMENTS = YES;
				CLANG_WARN_EMPTY_BODY = YES;
				CLANG_WARN_ENUM_CONVERSION = YES;
				CLANG_WARN_INFINITE_RECURSION = YES;
				CLANG_WARN_INT_CONVERSION = YES;
				CLANG_WARN_NON_LITERAL_NULL_CONVERSION = YES;
				CLANG_WARN_OBJC_IMPLICIT_RETAIN_SELF = YES;
				CLANG_WARN_OBJC_LITERAL_CONVERSION = YES;
				CLANG_WARN_OBJC_ROOT_CLASS = YES_ERROR;
				CLANG_WARN_QUOTED_INCLUDE_IN_FRAMEWORK_HEADER = YES;
				CLANG_WARN_RANGE_LOOP_ANALYSIS = YES;
				CLANG_WARN_STRICT_PROTOTYPES = YES;
				CLANG_WARN_SUSPICIOUS_MOVE = YES;
				CLANG_WARN_UNGUARDED_AVAILABILITY = YES_AGGRESSIVE;
				CLANG_WARN_UNREACHABLE_CODE = YES;
				CLANG_WARN__DUPLICATE_METHOD_MATCH = YES;
				COPY_PHASE_STRIP = NO;
				DEBUG_INFORMATION_FORMAT = "dwarf-with-dsym";
				ENABLE_NS_ASSERTIONS = NO;
				ENABLE_STRICT_OBJC_MSGSEND = YES;
				ENABLE_USER_SCRIPT_SANDBOXING = YES;
				GCC_C_LANGUAGE_STANDARD = gnu17;
				GCC_NO_COMMON_BLOCKS = YES;
				GCC_WARN_64_TO_32_BIT_CONVERSION = YES;
				GCC_WARN_ABOUT_RETURN_TYPE = YES_ERROR;
				GCC_WARN_UNDECLARED_SELECTOR = YES;
				GCC_WARN_UNINITIALIZED_AUTOS = YES_AGGRESSIVE;
				GCC_WARN_UNUSED_FUNCTION = YES;
				GCC_WARN_UNUSED_VARIABLE = YES;
				IPHONEOS_DEPLOYMENT_TARGET = 18.2;
				LOCALIZATION_PREFERS_STRING_CATALOGS = YES;
				MTL_ENABLE_DEBUG_INFO = NO;
				MTL_FAST_MATH = YES;
				SDKROOT = iphoneos;
				SWIFT_COMPILATION_MODE = wholemodule;
				VALIDATE_PRODUCT = YES;
			};
			name = Release;
		};
		9F2C0C502E21A05400034BE5 /* Debug */ = {
			isa = XCBuildConfiguration;
			buildSettings = {
				BUNDLE_LOADER = "$(TEST_HOST)";
				CODE_SIGN_STYLE = Automatic;
				CURRENT_PROJECT_VERSION = 1;
				DEVELOPMENT_TEAM = 9PKJR9VN3M;
				GENERATE_INFOPLIST_FILE = YES;
				IPHONEOS_DEPLOYMENT_TARGET = 18.2;
				MARKETING_VERSION = 1.0;
				PRODUCT_BUNDLE_IDENTIFIER = com.mapriot.MaplibreNativeIosUIKitTests;
				PRODUCT_NAME = "$(TARGET_NAME)";
				SWIFT_EMIT_LOC_STRINGS = NO;
				SWIFT_VERSION = 5.0;
				TARGETED_DEVICE_FAMILY = "1,2";
				TEST_HOST = "$(BUILT_PRODUCTS_DIR)/MaplibreNativeIosUIKit.app/$(BUNDLE_EXECUTABLE_FOLDER_PATH)/MaplibreNativeIosUIKit";
			};
			name = Debug;
		};
		9F2C0C512E21A05400034BE5 /* Release */ = {
			isa = XCBuildConfiguration;
			buildSettings = {
				BUNDLE_LOADER = "$(TEST_HOST)";
				CODE_SIGN_STYLE = Automatic;
				CURRENT_PROJECT_VERSION = 1;
				DEVELOPMENT_TEAM = 9PKJR9VN3M;
				GENERATE_INFOPLIST_FILE = YES;
				IPHONEOS_DEPLOYMENT_TARGET = 18.2;
				MARKETING_VERSION = 1.0;
				PRODUCT_BUNDLE_IDENTIFIER = com.mapriot.MaplibreNativeIosUIKitTests;
				PRODUCT_NAME = "$(TARGET_NAME)";
				SWIFT_EMIT_LOC_STRINGS = NO;
				SWIFT_VERSION = 5.0;
				TARGETED_DEVICE_FAMILY = "1,2";
				TEST_HOST = "$(BUILT_PRODUCTS_DIR)/MaplibreNativeIosUIKit.app/$(BUNDLE_EXECUTABLE_FOLDER_PATH)/MaplibreNativeIosUIKit";
			};
			name = Release;
		};
		9F2C0C532E21A05400034BE5 /* Debug */ = {
			isa = XCBuildConfiguration;
			buildSettings = {
				CODE_SIGN_STYLE = Automatic;
				CURRENT_PROJECT_VERSION = 1;
				DEVELOPMENT_TEAM = 9PKJR9VN3M;
				GENERATE_INFOPLIST_FILE = YES;
				MARKETING_VERSION = 1.0;
				PRODUCT_BUNDLE_IDENTIFIER = com.mapriot.MaplibreNativeIosUIKitUITests;
				PRODUCT_NAME = "$(TARGET_NAME)";
				SWIFT_EMIT_LOC_STRINGS = NO;
				SWIFT_VERSION = 5.0;
				TARGETED_DEVICE_FAMILY = "1,2";
				TEST_TARGET_NAME = MaplibreNativeIosUIKit;
			};
			name = Debug;
		};
		9F2C0C542E21A05400034BE5 /* Release */ = {
			isa = XCBuildConfiguration;
			buildSettings = {
				CODE_SIGN_STYLE = Automatic;
				CURRENT_PROJECT_VERSION = 1;
				DEVELOPMENT_TEAM = 9PKJR9VN3M;
				GENERATE_INFOPLIST_FILE = YES;
				MARKETING_VERSION = 1.0;
				PRODUCT_BUNDLE_IDENTIFIER = com.mapriot.MaplibreNativeIosUIKitUITests;
				PRODUCT_NAME = "$(TARGET_NAME)";
				SWIFT_EMIT_LOC_STRINGS = NO;
				SWIFT_VERSION = 5.0;
				TARGETED_DEVICE_FAMILY = "1,2";
				TEST_TARGET_NAME = MaplibreNativeIosUIKit;
			};
			name = Release;
		};
/* End XCBuildConfiguration section */

/* Begin XCConfigurationList section */
		9F2C0C1C2E21A05200034BE5 /* Build configuration list for PBXProject "MaplibreNativeIosUIKit" */ = {
			isa = XCConfigurationList;
			buildConfigurations = (
				9F2C0C4D2E21A05400034BE5 /* Debug */,
				9F2C0C4E2E21A05400034BE5 /* Release */,
			);
			defaultConfigurationIsVisible = 0;
			defaultConfigurationName = Release;
		};
		9F2C0C4A2E21A05400034BE5 /* Build configuration list for PBXNativeTarget "MaplibreNativeIosUIKit" */ = {
			isa = XCConfigurationList;
			buildConfigurations = (
				9F2C0C4B2E21A05400034BE5 /* Debug */,
				9F2C0C4C2E21A05400034BE5 /* Release */,
			);
			defaultConfigurationIsVisible = 0;
			defaultConfigurationName = Release;
		};
		9F2C0C4F2E21A05400034BE5 /* Build configuration list for PBXNativeTarget "MaplibreNativeIosUIKitTests" */ = {
			isa = XCConfigurationList;
			buildConfigurations = (
				9F2C0C502E21A05400034BE5 /* Debug */,
				9F2C0C512E21A05400034BE5 /* Release */,
			);
			defaultConfigurationIsVisible = 0;
			defaultConfigurationName = Release;
		};
		9F2C0C522E21A05400034BE5 /* Build configuration list for PBXNativeTarget "MaplibreNativeIosUIKitUITests" */ = {
			isa = XCConfigurationList;
			buildConfigurations = (
				9F2C0C532E21A05400034BE5 /* Debug */,
				9F2C0C542E21A05400034BE5 /* Release */,
			);
			defaultConfigurationIsVisible = 0;
			defaultConfigurationName = Release;
		};
/* End XCConfigurationList section */

/* Begin XCRemoteSwiftPackageReference section */
		9F2C0C552E21A0F100034BE5 /* XCRemoteSwiftPackageReference "maplibre-gl-native-distribution" */ = {
			isa = XCRemoteSwiftPackageReference;
			repositoryURL = "https://github.com/maptiler/maplibre-gl-native-distribution";
			requirement = {
				kind = upToNextMajorVersion;
				minimumVersion = 6.17.1;
			};
		};
/* End XCRemoteSwiftPackageReference section */

/* Begin XCSwiftPackageProductDependency section */
		9F2C0C562E21A0F100034BE5 /* MapLibre */ = {
			isa = XCSwiftPackageProductDependency;
			package = 9F2C0C552E21A0F100034BE5 /* XCRemoteSwiftPackageReference "maplibre-gl-native-distribution" */;
			productName = MapLibre;
		};
/* End XCSwiftPackageProductDependency section */
	};
	rootObject = 9F2C0C192E21A05200034BE5 /* Project object */;
}
